
Microsoft Visual Studio Solution File, Format Version 12.00
# Visual Studio Version 16
VisualStudioVersion = 16.0.32002.261
MinimumVisualStudioVersion = 10.0.40219.1
Project("{FAE04EC0-301F-11D3-BF4B-00C04F79EFBC}") = "FunTranslation", "FunTranslation\FunTranslation.csproj", "{DE0205AB-2581-4CA3-AC4A-FF2A02C072D7}"
EndProject
Global
	GlobalSection(SolutionConfigurationPlatforms) = preSolution
		Debug|Any CPU = Debug|Any CPU
		Release|Any CPU = Release|Any CPU
	EndGlobalSection
	GlobalSection(ProjectConfigurationPlatforms) = postSolution
		{DE0205AB-2581-4CA3-AC4A-FF2A02C072D7}.Debug|Any CPU.ActiveCfg = Debug|Any CPU
		{DE0205AB-2581-4CA3-AC4A-FF2A02C072D7}.Debug|Any CPU.Build.0 = Debug|Any CPU
		{DE0205AB-2581-4CA3-AC4A-FF2A02C072D7}.Release|Any CPU.ActiveCfg = Release|Any CPU
		{DE0205AB-2581-4CA3-AC4A-FF2A02C072D7}.Release|Any CPU.Build.0 = Release|Any CPU
	EndGlobalSection
	GlobalSection(SolutionProperties) = preSolution
		HideSolutionNode = FALSE
	EndGlobalSection
	GlobalSection(ExtensibilityGlobals) = postSolution
		SolutionGuid = {43A5D865-74AF-482C-BC45-BDCBAA05D04D}
	EndGlobalSection
EndGlobal
